// !$*UTF8*$!
{
	archiveVersion = 1;
	classes = {
	};
	objectVersion = 46;
	objects = {

/* Begin PBXBuildFile section */
		AC0494DF1A6400D00038E642 /* Repayment.swift in Sources */ = {isa = PBXBuildFile; fileRef = AC0494DE1A6400D00038E642 /* Repayment.swift */; };
		AC0494E11A6400D00038E642 /* Credit.swift in Sources */ = {isa = PBXBuildFile; fileRef = AC0494E01A6400D00038E642 /* Credit.swift */; };
		AC0494E31A640EFE0038E642 /* rePaymentViewController.swift in Sources */ = {isa = PBXBuildFile; fileRef = AC0494E21A640EFE0038E642 /* rePaymentViewController.swift */; };
		AC341D1C1A53F4C9003D34F4 /* AppDelegate.swift in Sources */ = {isa = PBXBuildFile; fileRef = AC341D1B1A53F4C9003D34F4 /* AppDelegate.swift */; };
		AC341D1F1A53F4C9003D34F4 /* jiandanhuan.xcdatamodeld in Sources */ = {isa = PBXBuildFile; fileRef = AC341D1D1A53F4C9003D34F4 /* jiandanhuan.xcdatamodeld */; };
		AC341D211A53F4C9003D34F4 /* ViewController.swift in Sources */ = {isa = PBXBuildFile; fileRef = AC341D201A53F4C9003D34F4 /* ViewController.swift */; };
		AC341D241A53F4C9003D34F4 /* Main.storyboard in Resources */ = {isa = PBXBuildFile; fileRef = AC341D221A53F4C9003D34F4 /* Main.storyboard */; };
		AC341D261A53F4C9003D34F4 /* Images.xcassets in Resources */ = {isa = PBXBuildFile; fileRef = AC341D251A53F4C9003D34F4 /* Images.xcassets */; };
		AC341D291A53F4C9003D34F4 /* LaunchScreen.xib in Resources */ = {isa = PBXBuildFile; fileRef = AC341D271A53F4C9003D34F4 /* LaunchScreen.xib */; };
		AC341D351A53F4C9003D34F4 /* jiandanhuanTests.swift in Sources */ = {isa = PBXBuildFile; fileRef = AC341D341A53F4C9003D34F4 /* jiandanhuanTests.swift */; };
		AC341D411A550D84003D34F4 /* myCollectionViewCell.swift in Sources */ = {isa = PBXBuildFile; fileRef = AC341D401A550D84003D34F4 /* myCollectionViewCell.swift */; };
		AC341D431A553D66003D34F4 /* addCredit.swift in Sources */ = {isa = PBXBuildFile; fileRef = AC341D421A553D66003D34F4 /* addCredit.swift */; };
		AC8D74591A6789EF0040602E /* salaryViewController.swift in Sources */ = {isa = PBXBuildFile; fileRef = AC8D74581A6789EF0040602E /* salaryViewController.swift */; };
		AC8D745B1A679EB90040602E /* Saraly.swift in Sources */ = {isa = PBXBuildFile; fileRef = AC8D745A1A679EB90040602E /* Saraly.swift */; };
		ACEEDA831A6CAC3C00542C2B /* PDBarChart.swift in Sources */ = {isa = PBXBuildFile; fileRef = ACEEDA7B1A6CAC3C00542C2B /* PDBarChart.swift */; };
		ACEEDA841A6CAC3C00542C2B /* PDChart.swift in Sources */ = {isa = PBXBuildFile; fileRef = ACEEDA7C1A6CAC3C00542C2B /* PDChart.swift */; };
		ACEEDA851A6CAC3C00542C2B /* PDChartAxesComponent.swift in Sources */ = {isa = PBXBuildFile; fileRef = ACEEDA7E1A6CAC3C00542C2B /* PDChartAxesComponent.swift */; };
		ACEEDA861A6CAC3C00542C2B /* PDLineChart.swift in Sources */ = {isa = PBXBuildFile; fileRef = ACEEDA801A6CAC3C00542C2B /* PDLineChart.swift */; };
		ACEEDA871A6CAC3C00542C2B /* PDPieChart.swift in Sources */ = {isa = PBXBuildFile; fileRef = ACEEDA821A6CAC3C00542C2B /* PDPieChart.swift */; };
/* End PBXBuildFile section */

/* Begin PBXContainerItemProxy section */
		AC341D2F1A53F4C9003D34F4 /* PBXContainerItemProxy */ = {
			isa = PBXContainerItemProxy;
			containerPortal = AC341D0E1A53F4C9003D34F4 /* Project object */;
			proxyType = 1;
			remoteGlobalIDString = AC341D151A53F4C9003D34F4;
			remoteInfo = jiandanhuan;
		};
/* End PBXContainerItemProxy section */

/* Begin PBXFileReference section */
		AC0494DE1A6400D00038E642 /* Repayment.swift */ = {isa = PBXFileReference; fileEncoding = 4; lastKnownFileType = sourcecode.swift; path = Repayment.swift; sourceTree = "<group>"; };
		AC0494E01A6400D00038E642 /* Credit.swift */ = {isa = PBXFileReference; fileEncoding = 4; lastKnownFileType = sourcecode.swift; path = Credit.swift; sourceTree = "<group>"; };
		AC0494E21A640EFE0038E642 /* rePaymentViewController.swift */ = {isa = PBXFileReference; fileEncoding = 4; lastKnownFileType = sourcecode.swift; path = rePaymentViewController.swift; sourceTree = "<group>"; };
		AC341D161A53F4C9003D34F4 /* jiandanhuan.app */ = {isa = PBXFileReference; explicitFileType = wrapper.application; includeInIndex = 0; path = jiandanhuan.app; sourceTree = BUILT_PRODUCTS_DIR; };
		AC341D1A1A53F4C9003D34F4 /* Info.plist */ = {isa = PBXFileReference; lastKnownFileType = text.plist.xml; path = Info.plist; sourceTree = "<group>"; };
		AC341D1B1A53F4C9003D34F4 /* AppDelegate.swift */ = {isa = PBXFileReference; lastKnownFileType = sourcecode.swift; path = AppDelegate.swift; sourceTree = "<group>"; };
		AC341D1E1A53F4C9003D34F4 /* jiandanhuan.xcdatamodel */ = {isa = PBXFileReference; lastKnownFileType = wrapper.xcdatamodel; path = jiandanhuan.xcdatamodel; sourceTree = "<group>"; };
		AC341D201A53F4C9003D34F4 /* ViewController.swift */ = {isa = PBXFileReference; lastKnownFileType = sourcecode.swift; path = ViewController.swift; sourceTree = "<group>"; };
		AC341D231A53F4C9003D34F4 /* Base */ = {isa = PBXFileReference; lastKnownFileType = file.storyboard; name = Base; path = Base.lproj/Main.storyboard; sourceTree = "<group>"; };
		AC341D251A53F4C9003D34F4 /* Images.xcassets */ = {isa = PBXFileReference; lastKnownFileType = folder.assetcatalog; path = Images.xcassets; sourceTree = "<group>"; };
		AC341D281A53F4C9003D34F4 /* Base */ = {isa = PBXFileReference; lastKnownFileType = file.xib; name = Base; path = Base.lproj/LaunchScreen.xib; sourceTree = "<group>"; };
		AC341D2E1A53F4C9003D34F4 /* jiandanhuanTests.xctest */ = {isa = PBXFileReference; explicitFileType = wrapper.cfbundle; includeInIndex = 0; path = jiandanhuanTests.xctest; sourceTree = BUILT_PRODUCTS_DIR; };
		AC341D331A53F4C9003D34F4 /* Info.plist */ = {isa = PBXFileReference; lastKnownFileType = text.plist.xml; path = Info.plist; sourceTree = "<group>"; };
		AC341D341A53F4C9003D34F4 /* jiandanhuanTests.swift */ = {isa = PBXFileReference; lastKnownFileType = sourcecode.swift; path = jiandanhuanTests.swift; sourceTree = "<group>"; };
		AC341D401A550D84003D34F4 /* myCollectionViewCell.swift */ = {isa = PBXFileReference; fileEncoding = 4; lastKnownFileType = sourcecode.swift; path = myCollectionViewCell.swift; sourceTree = "<group>"; };
		AC341D421A553D66003D34F4 /* addCredit.swift */ = {isa = PBXFileReference; fileEncoding = 4; lastKnownFileType = sourcecode.swift; path = addCredit.swift; sourceTree = "<group>"; };
		AC8D74581A6789EF0040602E /* salaryViewController.swift */ = {isa = PBXFileReference; fileEncoding = 4; lastKnownFileType = sourcecode.swift; path = salaryViewController.swift; sourceTree = "<group>"; };
		AC8D745A1A679EB90040602E /* Saraly.swift */ = {isa = PBXFileReference; fileEncoding = 4; lastKnownFileType = sourcecode.swift; path = Saraly.swift; sourceTree = "<group>"; };
		ACEEDA7B1A6CAC3C00542C2B /* PDBarChart.swift */ = {isa = PBXFileReference; fileEncoding = 4; lastKnownFileType = sourcecode.swift; path = PDBarChart.swift; sourceTree = "<group>"; };
		ACEEDA7C1A6CAC3C00542C2B /* PDChart.swift */ = {isa = PBXFileReference; fileEncoding = 4; lastKnownFileType = sourcecode.swift; path = PDChart.swift; sourceTree = "<group>"; };
		ACEEDA7E1A6CAC3C00542C2B /* PDChartAxesComponent.swift */ = {isa = PBXFileReference; fileEncoding = 4; lastKnownFileType = sourcecode.swift; path = PDChartAxesComponent.swift; sourceTree = "<group>"; };
		ACEEDA801A6CAC3C00542C2B /* PDLineChart.swift */ = {isa = PBXFileReference; fileEncoding = 4; lastKnownFileType = sourcecode.swift; path = PDLineChart.swift; sourceTree = "<group>"; };
		ACEEDA821A6CAC3C00542C2B /* PDPieChart.swift */ = {isa = PBXFileReference; fileEncoding = 4; lastKnownFileType = sourcecode.swift; path = PDPieChart.swift; sourceTree = "<group>"; };
/* End PBXFileReference section */

/* Begin PBXFrameworksBuildPhase section */
		AC341D131A53F4C9003D34F4 /* Frameworks */ = {
			isa = PBXFrameworksBuildPhase;
			buildActionMask = 2147483647;
			files = (
			);
			runOnlyForDeploymentPostprocessing = 0;
		};
		AC341D2B1A53F4C9003D34F4 /* Frameworks */ = {
			isa = PBXFrameworksBuildPhase;
			buildActionMask = 2147483647;
			files = (
			);
			runOnlyForDeploymentPostprocessing = 0;
		};
/* End PBXFrameworksBuildPhase section */

/* Begin PBXGroup section */
		AC341D0D1A53F4C9003D34F4 = {
			isa = PBXGroup;
			children = (
				ACEEDA791A6CAC3C00542C2B /* PDChart */,
				AC341D181A53F4C9003D34F4 /* jiandanhuan */,
				AC341D311A53F4C9003D34F4 /* jiandanhuanTests */,
				AC341D171A53F4C9003D34F4 /* Products */,
			);
			sourceTree = "<group>";
		};
		AC341D171A53F4C9003D34F4 /* Products */ = {
			isa = PBXGroup;
			children = (
				AC341D161A53F4C9003D34F4 /* jiandanhuan.app */,
				AC341D2E1A53F4C9003D34F4 /* jiandanhuanTests.xctest */,
			);
			name = Products;
			sourceTree = "<group>";
		};
		AC341D181A53F4C9003D34F4 /* jiandanhuan */ = {
			isa = PBXGroup;
			children = (
				AC341D1B1A53F4C9003D34F4 /* AppDelegate.swift */,
				AC341D201A53F4C9003D34F4 /* ViewController.swift */,
				AC341D221A53F4C9003D34F4 /* Main.storyboard */,
				AC341D251A53F4C9003D34F4 /* Images.xcassets */,
				AC341D271A53F4C9003D34F4 /* LaunchScreen.xib */,
				AC341D1D1A53F4C9003D34F4 /* jiandanhuan.xcdatamodeld */,
				AC8D745A1A679EB90040602E /* Saraly.swift */,
				AC0494E01A6400D00038E642 /* Credit.swift */,
				AC0494DE1A6400D00038E642 /* Repayment.swift */,
				AC341D191A53F4C9003D34F4 /* Supporting Files */,
				AC341D401A550D84003D34F4 /* myCollectionViewCell.swift */,
				AC341D421A553D66003D34F4 /* addCredit.swift */,
				AC0494E21A640EFE0038E642 /* rePaymentViewController.swift */,
				AC8D74581A6789EF0040602E /* salaryViewController.swift */,
			);
			path = jiandanhuan;
			sourceTree = "<group>";
		};
		AC341D191A53F4C9003D34F4 /* Supporting Files */ = {
			isa = PBXGroup;
			children = (
				AC341D1A1A53F4C9003D34F4 /* Info.plist */,
			);
			name = "Supporting Files";
			sourceTree = "<group>";
		};
		AC341D311A53F4C9003D34F4 /* jiandanhuanTests */ = {
			isa = PBXGroup;
			children = (
				AC341D341A53F4C9003D34F4 /* jiandanhuanTests.swift */,
				AC341D321A53F4C9003D34F4 /* Supporting Files */,
			);
			path = jiandanhuanTests;
			sourceTree = "<group>";
		};
		AC341D321A53F4C9003D34F4 /* Supporting Files */ = {
			isa = PBXGroup;
			children = (
				AC341D331A53F4C9003D34F4 /* Info.plist */,
			);
			name = "Supporting Files";
			sourceTree = "<group>";
		};
		ACEEDA791A6CAC3C00542C2B /* PDChart */ = {
			isa = PBXGroup;
			children = (
				ACEEDA7A1A6CAC3C00542C2B /* PDBarChart */,
				ACEEDA7C1A6CAC3C00542C2B /* PDChart.swift */,
				ACEEDA7D1A6CAC3C00542C2B /* PDChartComponent */,
				ACEEDA7F1A6CAC3C00542C2B /* PDLineChart */,
				ACEEDA811A6CAC3C00542C2B /* PDPieChart */,
			);
			path = PDChart;
			sourceTree = "<group>";
		};
		ACEEDA7A1A6CAC3C00542C2B /* PDBarChart */ = {
			isa = PBXGroup;
			children = (
				ACEEDA7B1A6CAC3C00542C2B /* PDBarChart.swift */,
			);
			path = PDBarChart;
			sourceTree = "<group>";
		};
		ACEEDA7D1A6CAC3C00542C2B /* PDChartComponent */ = {
			isa = PBXGroup;
			children = (
				ACEEDA7E1A6CAC3C00542C2B /* PDChartAxesComponent.swift */,
			);
			path = PDChartComponent;
			sourceTree = "<group>";
		};
		ACEEDA7F1A6CAC3C00542C2B /* PDLineChart */ = {
			isa = PBXGroup;
			children = (
				ACEEDA801A6CAC3C00542C2B /* PDLineChart.swift */,
			);
			path = PDLineChart;
			sourceTree = "<group>";
		};
		ACEEDA811A6CAC3C00542C2B /* PDPieChart */ = {
			isa = PBXGroup;
			children = (
				ACEEDA821A6CAC3C00542C2B /* PDPieChart.swift */,
			);
			path = PDPieChart;
			sourceTree = "<group>";
		};
/* End PBXGroup section */

/* Begin PBXNativeTarget section */
		AC341D151A53F4C9003D34F4 /* jiandanhuan */ = {
			isa = PBXNativeTarget;
			buildConfigurationList = AC341D381A53F4C9003D34F4 /* Build configuration list for PBXNativeTarget "jiandanhuan" */;
			buildPhases = (
				AC341D121A53F4C9003D34F4 /* Sources */,
				AC341D131A53F4C9003D34F4 /* Frameworks */,
				AC341D141A53F4C9003D34F4 /* Resources */,
			);
			buildRules = (
			);
			dependencies = (
			);
			name = jiandanhuan;
			productName = jiandanhuan;
			productReference = AC341D161A53F4C9003D34F4 /* jiandanhuan.app */;
			productType = "com.apple.product-type.application";
		};
		AC341D2D1A53F4C9003D34F4 /* jiandanhuanTests */ = {
			isa = PBXNativeTarget;
			buildConfigurationList = AC341D3B1A53F4C9003D34F4 /* Build configuration list for PBXNativeTarget "jiandanhuanTests" */;
			buildPhases = (
				AC341D2A1A53F4C9003D34F4 /* Sources */,
				AC341D2B1A53F4C9003D34F4 /* Frameworks */,
				AC341D2C1A53F4C9003D34F4 /* Resources */,
			);
			buildRules = (
			);
			dependencies = (
				AC341D301A53F4C9003D34F4 /* PBXTargetDependency */,
			);
			name = jiandanhuanTests;
			productName = jiandanhuanTests;
			productReference = AC341D2E1A53F4C9003D34F4 /* jiandanhuanTests.xctest */;
			productType = "com.apple.product-type.bundle.unit-test";
		};
/* End PBXNativeTarget section */

/* Begin PBXProject section */
		AC341D0E1A53F4C9003D34F4 /* Project object */ = {
			isa = PBXProject;
			attributes = {
				LastUpgradeCheck = 0600;
				ORGANIZATIONNAME = "赵勇";
				TargetAttributes = {
					AC341D151A53F4C9003D34F4 = {
						CreatedOnToolsVersion = 6.0;
					};
					AC341D2D1A53F4C9003D34F4 = {
						CreatedOnToolsVersion = 6.0;
						TestTargetID = AC341D151A53F4C9003D34F4;
					};
				};
			};
			buildConfigurationList = AC341D111A53F4C9003D34F4 /* Build configuration list for PBXProject "jiandanhuan" */;
			compatibilityVersion = "Xcode 3.2";
			developmentRegion = English;
			hasScannedForEncodings = 0;
			knownRegions = (
				en,
				Base,
			);
			mainGroup = AC341D0D1A53F4C9003D34F4;
			productRefGroup = AC341D171A53F4C9003D34F4 /* Products */;
			projectDirPath = "";
			projectRoot = "";
			targets = (
				AC341D151A53F4C9003D34F4 /* jiandanhuan */,
				AC341D2D1A53F4C9003D34F4 /* jiandanhuanTests */,
			);
		};
/* End PBXProject section */

/* Begin PBXResourcesBuildPhase section */
		AC341D141A53F4C9003D34F4 /* Resources */ = {
			isa = PBXResourcesBuildPhase;
			buildActionMask = 2147483647;
			files = (
				AC341D241A53F4C9003D34F4 /* Main.storyboard in Resources */,
				AC341D291A53F4C9003D34F4 /* LaunchScreen.xib in Resources */,
				AC341D261A53F4C9003D34F4 /* Images.xcassets in Resources */,
			);
			runOnlyForDeploymentPostprocessing = 0;
		};
		AC341D2C1A53F4C9003D34F4 /* Resources */ = {
			isa = PBXResourcesBuildPhase;
			buildActionMask = 2147483647;
			files = (
			);
			runOnlyForDeploymentPostprocessing = 0;
		};
/* End PBXResourcesBuildPhase section */

/* Begin PBXSourcesBuildPhase section */
		AC341D121A53F4C9003D34F4 /* Sources */ = {
			isa = PBXSourcesBuildPhase;
			buildActionMask = 2147483647;
			files = (
				AC341D431A553D66003D34F4 /* addCredit.swift in Sources */,
				AC341D211A53F4C9003D34F4 /* ViewController.swift in Sources */,
				ACEEDA841A6CAC3C00542C2B /* PDChart.swift in Sources */,
				AC341D1C1A53F4C9003D34F4 /* AppDelegate.swift in Sources */,
				ACEEDA851A6CAC3C00542C2B /* PDChartAxesComponent.swift in Sources */,
				AC0494DF1A6400D00038E642 /* Repayment.swift in Sources */,
				ACEEDA861A6CAC3C00542C2B /* PDLineChart.swift in Sources */,
				ACEEDA831A6CAC3C00542C2B /* PDBarChart.swift in Sources */,
				AC8D74591A6789EF0040602E /* salaryViewController.swift in Sources */,
				AC0494E31A640EFE0038E642 /* rePaymentViewController.swift in Sources */,
				AC0494E11A6400D00038E642 /* Credit.swift in Sources */,
				ACEEDA871A6CAC3C00542C2B /* PDPieChart.swift in Sources */,
				AC341D411A550D84003D34F4 /* myCollectionViewCell.swift in Sources */,
				AC341D1F1A53F4C9003D34F4 /* jiandanhuan.xcdatamodeld in Sources */,
				AC8D745B1A679EB90040602E /* Saraly.swift in Sources */,
			);
			runOnlyForDeploymentPostprocessing = 0;
		};
		AC341D2A1A53F4C9003D34F4 /* Sources */ = {
			isa = PBXSourcesBuildPhase;
			buildActionMask = 2147483647;
			files = (
				AC341D351A53F4C9003D34F4 /* jiandanhuanTests.swift in Sources */,
			);
			runOnlyForDeploymentPostprocessing = 0;
		};
/* End PBXSourcesBuildPhase section */

/* Begin PBXTargetDependency section */
		AC341D301A53F4C9003D34F4 /* PBXTargetDependency */ = {
			isa = PBXTargetDependency;
			target = AC341D151A53F4C9003D34F4 /* jiandanhuan */;
			targetProxy = AC341D2F1A53F4C9003D34F4 /* PBXContainerItemProxy */;
		};
/* End PBXTargetDependency section */

/* Begin PBXVariantGroup section */
		AC341D221A53F4C9003D34F4 /* Main.storyboard */ = {
			isa = PBXVariantGroup;
			children = (
				AC341D231A53F4C9003D34F4 /* Base */,
			);
			name = Main.storyboard;
			sourceTree = "<group>";
		};
		AC341D271A53F4C9003D34F4 /* LaunchScreen.xib */ = {
			isa = PBXVariantGroup;
			children = (
				AC341D281A53F4C9003D34F4 /* Base */,
			);
			name = LaunchScreen.xib;
			sourceTree = "<group>";
		};
/* End PBXVariantGroup section */

/* Begin XCBuildConfiguration section */
		AC341D361A53F4C9003D34F4 /* Debug */ = {
			isa = XCBuildConfiguration;
			buildSettings = {
				ALWAYS_SEARCH_USER_PATHS = NO;
				CLANG_CXX_LANGUAGE_STANDARD = "gnu++0x";
				CLANG_CXX_LIBRARY = "libc++";
				CLANG_ENABLE_MODULES = YES;
				CLANG_ENABLE_OBJC_ARC = YES;
				CLANG_WARN_BOOL_CONVERSION = YES;
				CLANG_WARN_CONSTANT_CONVERSION = YES;
				CLANG_WARN_DIRECT_OBJC_ISA_USAGE = YES_ERROR;
				CLANG_WARN_EMPTY_BODY = YES;
				CLANG_WARN_ENUM_CONVERSION = YES;
				CLANG_WARN_INT_CONVERSION = YES;
				CLANG_WARN_OBJC_ROOT_CLASS = YES_ERROR;
				CLANG_WARN_UNREACHABLE_CODE = YES;
				CLANG_WARN__DUPLICATE_METHOD_MATCH = YES;
				"CODE_SIGN_IDENTITY[sdk=iphoneos*]" = "iPhone Developer";
				COPY_PHASE_STRIP = NO;
				ENABLE_STRICT_OBJC_MSGSEND = YES;
				GCC_C_LANGUAGE_STANDARD = gnu99;
				GCC_DYNAMIC_NO_PIC = NO;
				GCC_OPTIMIZATION_LEVEL = 0;
				GCC_PREPROCESSOR_DEFINITIONS = (
					"DEBUG=1",
					"$(inherited)",
				);
				GCC_SYMBOLS_PRIVATE_EXTERN = NO;
				GCC_WARN_64_TO_32_BIT_CONVERSION = YES;
				GCC_WARN_ABOUT_RETURN_TYPE = YES_ERROR;
				GCC_WARN_UNDECLARED_SELECTOR = YES;
				GCC_WARN_UNINITIALIZED_AUTOS = YES_AGGRESSIVE;
				GCC_WARN_UNUSED_FUNCTION = YES;
				GCC_WARN_UNUSED_VARIABLE = YES;
				IPHONEOS_DEPLOYMENT_TARGET = 8.0;
				MTL_ENABLE_DEBUG_INFO = YES;
				ONLY_ACTIVE_ARCH = YES;
				SDKROOT = iphoneos;
				SWIFT_OPTIMIZATION_LEVEL = "-Onone";
				TARGETED_DEVICE_FAMILY = "1,2";
			};
			name = Debug;
		};
		AC341D371A53F4C9003D34F4 /* Release */ = {
			isa = XCBuildConfiguration;
			buildSettings = {
				ALWAYS_SEARCH_USER_PATHS = NO;
				CLANG_CXX_LANGUAGE_STANDARD = "gnu++0x";
				CLANG_CXX_LIBRARY = "libc++";
				CLANG_ENABLE_MODULES = YES;
				CLANG_ENABLE_OBJC_ARC = YES;
				CLANG_WARN_BOOL_CONVERSION = YES;
				CLANG_WARN_CONSTANT_CONVERSION = YES;
				CLANG_WARN_DIRECT_OBJC_ISA_USAGE = YES_ERROR;
				CLANG_WARN_EMPTY_BODY = YES;
				CLANG_WARN_ENUM_CONVERSION = YES;
				CLANG_WARN_INT_CONVERSION = YES;
				CLANG_WARN_OBJC_ROOT_CLASS = YES_ERROR;
				CLANG_WARN_UNREACHABLE_CODE = YES;
				CLANG_WARN__DUPLICATE_METHOD_MATCH = YES;
				"CODE_SIGN_IDENTITY[sdk=iphoneos*]" = "iPhone Developer";
				COPY_PHASE_STRIP = YES;
				ENABLE_NS_ASSERTIONS = NO;
				ENABLE_STRICT_OBJC_MSGSEND = YES;
				GCC_C_LANGUAGE_STANDARD = gnu99;
				GCC_WARN_64_TO_32_BIT_CONVERSION = YES;
				GCC_WARN_ABOUT_RETURN_TYPE = YES_ERROR;
				GCC_WARN_UNDECLARED_SELECTOR = YES;
				GCC_WARN_UNINITIALIZED_AUTOS = YES_AGGRESSIVE;
				GCC_WARN_UNUSED_FUNCTION = YES;
				GCC_WARN_UNUSED_VARIABLE = YES;
				IPHONEOS_DEPLOYMENT_TARGET = 8.0;
				MTL_ENABLE_DEBUG_INFO = NO;
				SDKROOT = iphoneos;
				TARGETED_DEVICE_FAMILY = "1,2";
				VALIDATE_PRODUCT = YES;
			};
			name = Release;
		};
		AC341D391A53F4C9003D34F4 /* Debug */ = {
			isa = XCBuildConfiguration;
			buildSettings = {
				ASSETCATALOG_COMPILER_APPICON_NAME = AppIcon;
				ASSETCATALOG_COMPILER_LAUNCHIMAGE_NAME = LaunchImage;
				INFOPLIST_FILE = jiandanhuan/Info.plist;
				IPHONEOS_DEPLOYMENT_TARGET = 7.1;
				LD_RUNPATH_SEARCH_PATHS = "$(inherited) @executable_path/Frameworks";
				PRODUCT_NAME = "$(TARGET_NAME)";
			};
			name = Debug;
		};
		AC341D3A1A53F4C9003D34F4 /* Release */ = {
			isa = XCBuildConfiguration;
			buildSettings = {
				ASSETCATALOG_COMPILER_APPICON_NAME = AppIcon;
				ASSETCATALOG_COMPILER_LAUNCHIMAGE_NAME = LaunchImage;
				INFOPLIST_FILE = jiandanhuan/Info.plist;
				IPHONEOS_DEPLOYMENT_TARGET = 7.1;
				LD_RUNPATH_SEARCH_PATHS = "$(inherited) @executable_path/Frameworks";
				PRODUCT_NAME = "$(TARGET_NAME)";
			};
			name = Release;
		};
		AC341D3C1A53F4C9003D34F4 /* Debug */ = {
			isa = XCBuildConfiguration;
			buildSettings = {
				BUNDLE_LOADER = "$(TEST_HOST)";
				FRAMEWORK_SEARCH_PATHS = (
					"$(SDKROOT)/Developer/Library/Frameworks",
					"$(inherited)",
				);
				GCC_PREPROCESSOR_DEFINITIONS = (
					"DEBUG=1",
					"$(inherited)",
				);
				INFOPLIST_FILE = jiandanhuanTests/Info.plist;
				LD_RUNPATH_SEARCH_PATHS = "$(inherited) @executable_path/Frameworks @loader_path/Frameworks";
				PRODUCT_NAME = "$(TARGET_NAME)";
				TEST_HOST = "$(BUILT_PRODUCTS_DIR)/jiandanhuan.app/jiandanhuan";
			};
			name = Debug;
		};
		AC341D3D1A53F4C9003D34F4 /* Release */ = {
			isa = XCBuildConfiguration;
			buildSettings = {
				BUNDLE_LOADER = "$(TEST_HOST)";
				FRAMEWORK_SEARCH_PATHS = (
					"$(SDKROOT)/Developer/Library/Frameworks",
					"$(inherited)",
				);
				INFOPLIST_FILE = jiandanhuanTests/Info.plist;
				LD_RUNPATH_SEARCH_PATHS = "$(inherited) @executable_path/Frameworks @loader_path/Frameworks";
				PRODUCT_NAME = "$(TARGET_NAME)";
				TEST_HOST = "$(BUILT_PRODUCTS_DIR)/jiandanhuan.app/jiandanhuan";
			};
			name = Release;
		};
/* End XCBuildConfiguration section */

/* Begin XCConfigurationList section */
		AC341D111A53F4C9003D34F4 /* Build configuration list for PBXProject "jiandanhuan" */ = {
			isa = XCConfigurationList;
			buildConfigurations = (
				AC341D361A53F4C9003D34F4 /* Debug */,
				AC341D371A53F4C9003D34F4 /* Release */,
			);
			defaultConfigurationIsVisible = 0;
			defaultConfigurationName = Release;
		};
		AC341D381A53F4C9003D34F4 /* Build configuration list for PBXNativeTarget "jiandanhuan" */ = {
			isa = XCConfigurationList;
			buildConfigurations = (
				AC341D391A53F4C9003D34F4 /* Debug */,
				AC341D3A1A53F4C9003D34F4 /* Release */,
			);
			defaultConfigurationIsVisible = 0;
			defaultConfigurationName = Release;
		};
		AC341D3B1A53F4C9003D34F4 /* Build configuration list for PBXNativeTarget "jiandanhuanTests" */ = {
			isa = XCConfigurationList;
			buildConfigurations = (
				AC341D3C1A53F4C9003D34F4 /* Debug */,
				AC341D3D1A53F4C9003D34F4 /* Release */,
			);
			defaultConfigurationIsVisible = 0;
			defaultConfigurationName = Release;
		};
/* End XCConfigurationList section */

/* Begin XCVersionGroup section */
		AC341D1D1A53F4C9003D34F4 /* jiandanhuan.xcdatamodeld */ = {
			isa = XCVersionGroup;
			children = (
				AC341D1E1A53F4C9003D34F4 /* jiandanhuan.xcdatamodel */,
			);
			currentVersion = AC341D1E1A53F4C9003D34F4 /* jiandanhuan.xcdatamodel */;
			path = jiandanhuan.xcdatamodeld;
			sourceTree = "<group>";
			versionGroupType = wrapper.xcdatamodel;
		};
/* End XCVersionGroup section */
	};
	rootObject = AC341D0E1A53F4C9003D34F4 /* Project object */;
}
